<?xml version="1.0" encoding="utf-8"?>
<Project ToolsVersion="4.0" xmlns="http://schemas.microsoft.com/developer/msbuild/2003">
  <ItemGroup>
    <ClCompile Include="Engine\Component\Animator.cpp" />
    <ClCompile Include="Engine\Audio\AudioSystem.cpp" />
    <ClCompile Include="Engine\Graphics\Model\SkinCluster.cpp" />
    <ClCompile Include="External\ImGui\ImGuizmo.cpp" />
    <ClCompile Include="Game\Game\Attractor.cpp" />
    <ClCompile Include="Engine\Actor\Actor.cpp" />
    <ClCompile Include="Engine\Actor\DebugCamera.cpp" />
    <ClCompile Include="Engine\Collision\Collision.cpp" />
    <ClCompile Include="Engine\Collision\CollisionManager.cpp" />
    <ClCompile Include="Engine\Component\BoxCollider.cpp" />
    <ClCompile Include="Engine\Component\CameraComponent.cpp" />
    <ClCompile Include="Engine\Component\Collider.cpp" />
    <ClCompile Include="Engine\Component\Component.cpp" />
    <ClCompile Include="Engine\Component\MeshCollider.cpp" />
    <ClCompile Include="Engine\Component\MeshParticleRenderer.cpp" />
    <ClCompile Include="Engine\Component\MeshRenderer.cpp" />
    <ClCompile Include="Engine\Component\ParticleRenderer.cpp" />
    <ClCompile Include="Engine\Component\RendererComponent.cpp" />
    <ClCompile Include="Engine\Component\SkinnedMeshRenderer.cpp" />
    <ClCompile Include="Engine\Component\SphereCollider.cpp" />
    <ClCompile Include="Engine\Component\SpriteRenderer.cpp" />
    <ClCompile Include="Engine\Component\Transform.cpp" />
    <ClCompile Include="Engine\Core\ConstantBuffer.cpp" />
    <ClCompile Include="Engine\Core\DescriptorHeap.cpp" />
    <ClCompile Include="Engine\Core\GraphicsCommon.cpp" />
    <ClCompile Include="Engine\Core\GraphicsEngine.cpp" />
    <ClCompile Include="Engine\Core\IndexBuffer.cpp" />
    <ClCompile Include="Engine\Core\PipelineState.cpp" />
    <ClCompile Include="Engine\Core\RenderTarget.cpp" />
    <ClCompile Include="Engine\Core\RootSignature.cpp" />
    <ClCompile Include="Engine\Core\Shader.cpp" />
    <ClCompile Include="Engine\Core\StructuredBuffer.cpp" />
    <ClCompile Include="Engine\Core\VertexBuffer.cpp" />
    <ClCompile Include="Engine\Editor.cpp" />
    <ClCompile Include="Engine\Graphics\Camera.cpp" />
    <ClCompile Include="Engine\Graphics\GaussianBlur.cpp" />
    <ClCompile Include="Engine\Graphics\LightManager.cpp" />
    <ClCompile Include="Engine\Graphics\Model\Animation.cpp" />
    <ClCompile Include="Engine\Graphics\Model\Bone.cpp" />
    <ClCompile Include="Engine\Graphics\Model\Material.cpp" />
    <ClCompile Include="Engine\Graphics\Model\Mesh.cpp" />
    <ClCompile Include="Engine\Graphics\Model\Model.cpp" />
    <ClCompile Include="Engine\Graphics\Model\ModelCommon.cpp" />
    <ClCompile Include="Engine\Graphics\Model\Skeleton.cpp" />
    <ClCompile Include="Engine\Graphics\Particle\ParticleCommon.cpp" />
    <ClCompile Include="Engine\Graphics\Particle\ParticleManager.cpp" />
    <ClCompile Include="Engine\Graphics\Primitive.cpp" />
    <ClCompile Include="Engine\Graphics\Renderer.cpp" />
    <ClCompile Include="Engine\Graphics\Sprite\Sprite.cpp" />
    <ClCompile Include="Engine\Graphics\Sprite\SpriteCommon.cpp" />
    <ClCompile Include="Engine\Graphics\Texture.cpp" />
    <ClCompile Include="Engine\Helper\Helper.cpp" />
    <ClCompile Include="Engine\Helper\JsonHelper.cpp" />
    <ClCompile Include="Engine\Input\Gamepad.cpp" />
    <ClCompile Include="Engine\Input\InputSystem.cpp" />
    <ClCompile Include="Engine\Input\Keyboard.cpp" />
    <ClCompile Include="Engine\Input\Mouse.cpp" />
    <ClCompile Include="Engine\Loader\JsonLoader.cpp" />
    <ClCompile Include="Engine\Loader\ObjLoader.cpp" />
    <ClCompile Include="Engine\RdEngine.cpp" />
    <ClCompile Include="Engine\Scene\Scene.cpp" />
    <ClCompile Include="Engine\Scene\SceneManager.cpp" />
    <ClCompile Include="Engine\Window.cpp" />
    <ClCompile Include="External\ImGui\imgui.cpp" />
    <ClCompile Include="External\ImGui\imgui_demo.cpp" />
    <ClCompile Include="External\ImGui\imgui_draw.cpp" />
    <ClCompile Include="External\ImGui\imgui_impl_dx12.cpp" />
    <ClCompile Include="External\ImGui\imgui_impl_win32.cpp" />
    <ClCompile Include="External\ImGui\imgui_stdlib.cpp" />
    <ClCompile Include="External\ImGui\imgui_tables.cpp" />
    <ClCompile Include="External\ImGui\imgui_widgets.cpp" />
    <ClCompile Include="Game\Demo\DemoBullet.cpp" />
    <ClCompile Include="Game\Demo\DemoCamera.cpp" />
    <ClCompile Include="Game\Demo\DemoEnemy.cpp" />
    <ClCompile Include="Game\Demo\DemoPlayer.cpp" />
    <ClCompile Include="Game\Game\GravityBody.cpp" />
    <ClCompile Include="main.cpp" />
    <ClCompile Include="Math\Color.cpp" />
    <ClCompile Include="Math\Matrix3.cpp" />
    <ClCompile Include="Math\Matrix4.cpp" />
    <ClCompile Include="Math\Quaternion.cpp" />
    <ClCompile Include="Math\Random.cpp" />
    <ClCompile Include="Math\Vector2.cpp" />
    <ClCompile Include="Math\Vector3.cpp" />
    <ClCompile Include="Math\Vector4.cpp" />
    <ClCompile Include="Engine\Loader\ModelLoader.cpp" />
    <ClCompile Include="Game\Game\Player.cpp" />
    <ClCompile Include="Game\Game\PlayerCamera.cpp" />
    <ClCompile Include="Game\Game\StarPiece.cpp" />
    <ClCompile Include="Game\Game\StarPieceManager.cpp" />
    <ClCompile Include="Game\Game\Meteorite.cpp" />
    <ClCompile Include="Game\Game\MeteoriteChip.cpp" />
    <ClCompile Include="Game\Game\MeteoriteEmitter.cpp" />
    <ClCompile Include="Math\MyMath.cpp" />
  </ItemGroup>
  <ItemGroup>
    <ClInclude Include="Engine\Audio\AudioSystem.h" />
    <ClInclude Include="Engine\Component\Animator.h" />
    <ClInclude Include="Engine\Graphics\CircleShadow.h" />
    <ClInclude Include="Engine\Graphics\Model\SkinCluster.h" />
    <ClInclude Include="External\ImGui\ImGuizmo.h" />
    <ClInclude Include="Game\Game\Attractor.h" />
    <ClInclude Include="Engine\Actor\Actor.h" />
    <ClInclude Include="Engine\Actor\DebugCamera.h" />
    <ClInclude Include="Engine\Collision\Collision.h" />
    <ClInclude Include="Engine\Collision\CollisionManager.h" />
    <ClInclude Include="Engine\Component\BoxCollider.h" />
    <ClInclude Include="Engine\Component\CameraComponent.h" />
    <ClInclude Include="Engine\Component\Collider.h" />
    <ClInclude Include="Engine\Component\Component.h" />
    <ClInclude Include="Engine\Component\MeshCollider.h" />
    <ClInclude Include="Engine\Component\MeshParticleRenderer.h" />
    <ClInclude Include="Engine\Component\MeshRenderer.h" />
    <ClInclude Include="Engine\Component\ParticleRenderer.h" />
    <ClInclude Include="Engine\Component\RendererComponent.h" />
    <ClInclude Include="Engine\Component\SkinnedMeshRenderer.h" />
    <ClInclude Include="Engine\Component\SphereCollider.h" />
    <ClInclude Include="Engine\Component\SpriteRenderer.h" />
    <ClInclude Include="Engine\Component\Transform.h" />
    <ClInclude Include="Engine\Core\ConstantBuffer.h" />
    <ClInclude Include="Engine\Core\DescriptorHeap.h" />
    <ClInclude Include="Engine\Core\GraphicsCommon.h" />
    <ClInclude Include="Engine\Core\GraphicsEngine.h" />
    <ClInclude Include="Engine\Core\IndexBuffer.h" />
    <ClInclude Include="Engine\Core\PipelineState.h" />
    <ClInclude Include="Engine\Core\RenderTarget.h" />
    <ClInclude Include="Engine\Core\ResourceBank.h" />
    <ClInclude Include="Engine\Core\RootParameter.h" />
    <ClInclude Include="Engine\Core\RootSignature.h" />
    <ClInclude Include="Engine\Core\Shader.h" />
    <ClInclude Include="Engine\Core\StructuredBuffer.h" />
    <ClInclude Include="Engine\Core\VertexBuffer.h" />
    <ClInclude Include="Engine\Editor.h" />
    <ClInclude Include="Engine\Graphics\Camera.h" />
    <ClInclude Include="Engine\Graphics\DirectionalLight.h" />
    <ClInclude Include="Engine\Graphics\GaussianBlur.h" />
    <ClInclude Include="Engine\Graphics\LightManager.h" />
    <ClInclude Include="Engine\Graphics\Model\Animation.h" />
    <ClInclude Include="Engine\Graphics\Model\Bone.h" />
    <ClInclude Include="Engine\Graphics\Model\Material.h" />
    <ClInclude Include="Engine\Graphics\Model\Mesh.h" />
    <ClInclude Include="Engine\Graphics\Model\Model.h" />
    <ClInclude Include="Engine\Graphics\Model\ModelCommon.h" />
    <ClInclude Include="Engine\Graphics\Model\Skeleton.h" />
    <ClInclude Include="Engine\Graphics\Particle\Emitter.h" />
    <ClInclude Include="Engine\Graphics\Particle\Particle.h" />
    <ClInclude Include="Engine\Graphics\Particle\ParticleCommon.h" />
    <ClInclude Include="Engine\Graphics\Particle\ParticleManager.h" />
    <ClInclude Include="Engine\Graphics\PointLight.h" />
    <ClInclude Include="Engine\Graphics\Primitive.h" />
    <ClInclude Include="Engine\Graphics\Renderer.h" />
    <ClInclude Include="Engine\Graphics\SpotLight.h" />
    <ClInclude Include="Engine\Graphics\Sprite\Sprite.h" />
    <ClInclude Include="Engine\Graphics\Sprite\SpriteCommon.h" />
    <ClInclude Include="Engine\Graphics\Texture.h" />
    <ClInclude Include="Engine\Helper\Helper.h" />
    <ClInclude Include="Engine\Helper\JsonHelper.h" />
    <ClInclude Include="Engine\Helper\MyAssert.h" />
    <ClInclude Include="Engine\Input\Gamepad.h" />
    <ClInclude Include="Engine\Input\InputSystem.h" />
    <ClInclude Include="Engine\Input\Keyboard.h" />
    <ClInclude Include="Engine\Input\Mouse.h" />
    <ClInclude Include="Engine\Loader\JsonLoader.h" />
    <ClInclude Include="Engine\Loader\ObjLoader.h" />
    <ClInclude Include="Engine\RdEngine.h" />
    <ClInclude Include="Engine\Scene\Scene.h" />
    <ClInclude Include="Engine\Scene\SceneManager.h" />
    <ClInclude Include="Engine\Window.h" />
    <ClInclude Include="External\ImGui\imconfig.h" />
    <ClInclude Include="External\ImGui\imgui.h" />
    <ClInclude Include="External\ImGui\imgui_impl_dx12.h" />
    <ClInclude Include="External\ImGui\imgui_impl_win32.h" />
    <ClInclude Include="External\ImGui\imgui_internal.h" />
    <ClInclude Include="External\ImGui\imgui_stdlib.h" />
    <ClInclude Include="External\ImGui\imstb_rectpack.h" />
    <ClInclude Include="External\ImGui\imstb_textedit.h" />
    <ClInclude Include="External\ImGui\imstb_truetype.h" />
    <ClInclude Include="Game\Demo\DemoBullet.h" />
    <ClInclude Include="Game\Demo\DemoCamera.h" />
    <ClInclude Include="Game\Demo\DemoEnemy.h" />
    <ClInclude Include="Game\Demo\DemoPlayer.h" />
    <ClInclude Include="Game\Game\GravityBody.h" />
    <ClInclude Include="Math\Color.h" />
    <ClInclude Include="Math\Matrix3.h" />
    <ClInclude Include="Math\Matrix4.h" />
    <ClInclude Include="Math\MyMath.h" />
    <ClInclude Include="Math\Quaternion.h" />
    <ClInclude Include="Math\Random.h" />
    <ClInclude Include="Math\Vector2.h" />
    <ClInclude Include="Math\Vector3.h" />
    <ClInclude Include="Math\Vector4.h" />
    <ClInclude Include="Engine\Loader\ModelLoader.h" />
    <ClInclude Include="Game\Game\Player.h" />
    <ClInclude Include="Game\Game\PlayerCamera.h" />
    <ClInclude Include="Game\Game\StarPiece.h" />
    <ClInclude Include="Game\Game\StarPieceManager.h" />
    <ClInclude Include="Game\Game\Meteorite.h" />
    <ClInclude Include="Game\Game\MeteoriteChip.h" />
    <ClInclude Include="Game\Game\MeteoriteEmitter.h" />
    <ClInclude Include="Engine\Collision\CollisionAttr.h" />
    <ClInclude Include="Engine\Helper\Pool.h" />
  </ItemGroup>
  <ItemGroup>
    <Text Include="External\ImGui\LICENSE.txt" />
  </ItemGroup>
</Project>